// !$*UTF8*$!
{
	archiveVersion = 1;
	classes = {
	};
	objectVersion = 70;
	objects = {

/* Begin PBXBuildFile section */
		990295752D264C6600EB1785 /* TableViewController.swift in Sources */ = {isa = PBXBuildFile; fileRef = 990295742D264C6600EB1785 /* TableViewController.swift */; };
		990295772D264DA600EB1785 /* TableViewController + UI.swift in Sources */ = {isa = PBXBuildFile; fileRef = 990295762D264DA600EB1785 /* TableViewController + UI.swift */; };
		990295792D264EBC00EB1785 /* TableViewController + UITableViewDelegate.swift in Sources */ = {isa = PBXBuildFile; fileRef = 990295782D264EBC00EB1785 /* TableViewController + UITableViewDelegate.swift */; };
		9902957B2D264F0200EB1785 /* TableViewController + UITableViewDataSource.swift in Sources */ = {isa = PBXBuildFile; fileRef = 9902957A2D264F0200EB1785 /* TableViewController + UITableViewDataSource.swift */; };
		9902957E2D26D96500EB1785 /* StylesTableViewController.swift in Sources */ = {isa = PBXBuildFile; fileRef = 9902957D2D26D96500EB1785 /* StylesTableViewController.swift */; };
		996DE8262B95180B00222D30 /* SearchControllerViewController + TableView.swift in Sources */ = {isa = PBXBuildFile; fileRef = 996DE8252B95180B00222D30 /* SearchControllerViewController + TableView.swift */; };
		996DE8282B9518A300222D30 /* SearchControllerViewController + ViewModel.swift in Sources */ = {isa = PBXBuildFile; fileRef = 996DE8272B9518A300222D30 /* SearchControllerViewController + ViewModel.swift */; };
		996DE82A2B95213D00222D30 /* PostsModel.swift in Sources */ = {isa = PBXBuildFile; fileRef = 996DE8292B95213D00222D30 /* PostsModel.swift */; };
		996DE82C2B952E0E00222D30 /* SearchControllerViewController + setupUI.swift in Sources */ = {isa = PBXBuildFile; fileRef = 996DE82B2B952E0E00222D30 /* SearchControllerViewController + setupUI.swift */; };
		996DE82F2B952EDC00222D30 /* SearchResultsViewController.swift in Sources */ = {isa = PBXBuildFile; fileRef = 996DE82E2B952EDC00222D30 /* SearchResultsViewController.swift */; };
		996DE8332B952F7D00222D30 /* SearchResultsViewController + UISearchResultsUpdating.swift in Sources */ = {isa = PBXBuildFile; fileRef = 996DE8322B952F7D00222D30 /* SearchResultsViewController + UISearchResultsUpdating.swift */; };
		996DE8352B952FD900222D30 /* SearchResultsViewController + setupUI.swift in Sources */ = {isa = PBXBuildFile; fileRef = 996DE8342B952FD900222D30 /* SearchResultsViewController + setupUI.swift */; };
		996DE8382B95359200222D30 /* ResultsViewController.swift in Sources */ = {isa = PBXBuildFile; fileRef = 996DE8372B95359200222D30 /* ResultsViewController.swift */; };
		996DE83A2B95392400222D30 /* ResultsViewController + setupUI.swift in Sources */ = {isa = PBXBuildFile; fileRef = 996DE8392B95392400222D30 /* ResultsViewController + setupUI.swift */; };
		997615CC2D17DEC700DCDC1C /* UserNotifications.framework in Frameworks */ = {isa = PBXBuildFile; fileRef = 997615CB2D17DEC700DCDC1C /* UserNotifications.framework */; };
		997615CE2D17DEC700DCDC1C /* UserNotificationsUI.framework in Frameworks */ = {isa = PBXBuildFile; fileRef = 997615CD2D17DEC700DCDC1C /* UserNotificationsUI.framework */; };
		997615D82D17DEC700DCDC1C /* UIKitTestsLocalNotificationUI.appex in Embed Foundation Extensions */ = {isa = PBXBuildFile; fileRef = 997615C92D17DEC700DCDC1C /* UIKitTestsLocalNotificationUI.appex */; settings = {ATTRIBUTES = (RemoveHeadersOnCopy, ); }; };
		99A7F1632CB3187100A6BC7D /* ResponderChainController.swift in Sources */ = {isa = PBXBuildFile; fileRef = 99A7F1622CB3187100A6BC7D /* ResponderChainController.swift */; };
		99A7F1652CB318C100A6BC7D /* ResponderChainController + UI.swift in Sources */ = {isa = PBXBuildFile; fileRef = 99A7F1642CB318C100A6BC7D /* ResponderChainController + UI.swift */; };
		99C148AA2B9E6262001CC926 /* SearchControllerViewController + UISearchControllerDelegate.swift in Sources */ = {isa = PBXBuildFile; fileRef = 99C148A92B9E6262001CC926 /* SearchControllerViewController + UISearchControllerDelegate.swift */; };
		99C148AD2B9EDA0C001CC926 /* AsyncNetworkCallViewController.swift in Sources */ = {isa = PBXBuildFile; fileRef = 99C148AC2B9EDA0C001CC926 /* AsyncNetworkCallViewController.swift */; };
		99C148AF2B9EDEFE001CC926 /* UnSplashModel.swift in Sources */ = {isa = PBXBuildFile; fileRef = 99C148AE2B9EDEFE001CC926 /* UnSplashModel.swift */; };
		99C148B12B9EE40F001CC926 /* AsyncNetworkCallViewController + ViewModel.swift in Sources */ = {isa = PBXBuildFile; fileRef = 99C148B02B9EE40F001CC926 /* AsyncNetworkCallViewController + ViewModel.swift */; };
		99C148B32B9EEA64001CC926 /* AsyncNetworkCallViewController + setUpUI.swift in Sources */ = {isa = PBXBuildFile; fileRef = 99C148B22B9EEA64001CC926 /* AsyncNetworkCallViewController + setUpUI.swift */; };
		99C148B52B9EFD5A001CC926 /* AsyncNetworkCallViewController + UICollectionViewDataSource + UICollectionViewDelegate.swift in Sources */ = {isa = PBXBuildFile; fileRef = 99C148B42B9EFD5A001CC926 /* AsyncNetworkCallViewController + UICollectionViewDataSource + UICollectionViewDelegate.swift */; };
		99C148B72B9EFF90001CC926 /* AsyncNetworkCallViewController + UICollectionViewDelegateFlowLayout.swift in Sources */ = {isa = PBXBuildFile; fileRef = 99C148B62B9EFF90001CC926 /* AsyncNetworkCallViewController + UICollectionViewDelegateFlowLayout.swift */; };
		99C148B92BA08023001CC926 /* ImageCollectionViewCell.swift in Sources */ = {isa = PBXBuildFile; fileRef = 99C148B82BA08023001CC926 /* ImageCollectionViewCell.swift */; };
		99C148BC2BA08D29001CC926 /* ImagePresenterViewController.swift in Sources */ = {isa = PBXBuildFile; fileRef = 99C148BB2BA08D29001CC926 /* ImagePresenterViewController.swift */; };
		99C148BF2BA5C5A5001CC926 /* CacheManager.swift in Sources */ = {isa = PBXBuildFile; fileRef = 99C148BE2BA5C5A5001CC926 /* CacheManager.swift */; };
		99C148C32BA5D85F001CC926 /* AsyncNetworkCallViewController + StatusController.swift in Sources */ = {isa = PBXBuildFile; fileRef = 99C148C22BA5D85F001CC926 /* AsyncNetworkCallViewController + StatusController.swift */; };
		99C148C72BA71653001CC926 /* SearchResultsViewController + UISearchControllerDelegate.swift in Sources */ = {isa = PBXBuildFile; fileRef = 99C148C62BA71653001CC926 /* SearchResultsViewController + UISearchControllerDelegate.swift */; };
		99C148C92BA71796001CC926 /* SearchResultsViewController + UISearchBarDelegate.swift in Sources */ = {isa = PBXBuildFile; fileRef = 99C148C82BA71796001CC926 /* SearchResultsViewController + UISearchBarDelegate.swift */; };
		99C148CB2BA79B86001CC926 /* UnSplashSearchModel.swift in Sources */ = {isa = PBXBuildFile; fileRef = 99C148CA2BA79B86001CC926 /* UnSplashSearchModel.swift */; };
		99C148CD2BA8E34A001CC926 /* SearchResultsViewController + ViewModel.swift in Sources */ = {isa = PBXBuildFile; fileRef = 99C148CC2BA8E34A001CC926 /* SearchResultsViewController + ViewModel.swift */; };
		99C148CF2BAB8549001CC926 /* ResultsViewController + UICollectionViewDataSource + UICollectionViewDelegate.swift in Sources */ = {isa = PBXBuildFile; fileRef = 99C148CE2BAB8549001CC926 /* ResultsViewController + UICollectionViewDataSource + UICollectionViewDelegate.swift */; };
		99C148D12BAB913A001CC926 /* ResultsViewController + UICollectionViewDelegateFlowLayout.swift in Sources */ = {isa = PBXBuildFile; fileRef = 99C148D02BAB913A001CC926 /* ResultsViewController + UICollectionViewDelegateFlowLayout.swift */; };
		99C3B01C2BCA1EAD00204150 /* UIVisualEffectViewController.swift in Sources */ = {isa = PBXBuildFile; fileRef = 99C3B01B2BCA1EAD00204150 /* UIVisualEffectViewController.swift */; };
		99C3B01E2BCA1F4100204150 /* UIVisualEffectViewController + UI.swift in Sources */ = {isa = PBXBuildFile; fileRef = 99C3B01D2BCA1F4100204150 /* UIVisualEffectViewController + UI.swift */; };
		99C3B0212BCA69BA00204150 /* SheetViewController.swift in Sources */ = {isa = PBXBuildFile; fileRef = 99C3B0202BCA69BA00204150 /* SheetViewController.swift */; };
		99C3B0242BCA6B9600204150 /* SheetViewController + UI.swift in Sources */ = {isa = PBXBuildFile; fileRef = 99C3B0232BCA6B9600204150 /* SheetViewController + UI.swift */; };
		99C3B0262BCA706B00204150 /* UIVisualEffectViewController + Constants.swift in Sources */ = {isa = PBXBuildFile; fileRef = 99C3B0252BCA706B00204150 /* UIVisualEffectViewController + Constants.swift */; };
		99C3B02C2BD35E2A00204150 /* UIVisualEffectViewController + Blur Effect.swift in Sources */ = {isa = PBXBuildFile; fileRef = 99C3B02B2BD35E2A00204150 /* UIVisualEffectViewController + Blur Effect.swift */; };
		99C3B02E2BD370E200204150 /* UIVisualEffectViewController + Vibrancy Effect.swift in Sources */ = {isa = PBXBuildFile; fileRef = 99C3B02D2BD370E200204150 /* UIVisualEffectViewController + Vibrancy Effect.swift */; };
		99E000B42B903C7800099656 /* AppDelegate.swift in Sources */ = {isa = PBXBuildFile; fileRef = 99E000B32B903C7800099656 /* AppDelegate.swift */; };
		99E000B62B903C7800099656 /* SceneDelegate.swift in Sources */ = {isa = PBXBuildFile; fileRef = 99E000B52B903C7800099656 /* SceneDelegate.swift */; };
		99E000B82B903C7800099656 /* HomeViewController.swift in Sources */ = {isa = PBXBuildFile; fileRef = 99E000B72B903C7800099656 /* HomeViewController.swift */; };
		99E000BD2B903C7A00099656 /* Assets.xcassets in Resources */ = {isa = PBXBuildFile; fileRef = 99E000BC2B903C7A00099656 /* Assets.xcassets */; };
		99E000C02B903C7A00099656 /* LaunchScreen.storyboard in Resources */ = {isa = PBXBuildFile; fileRef = 99E000BE2B903C7A00099656 /* LaunchScreen.storyboard */; };
		99E000CB2B90409700099656 /* LocalNotificationsViewController.swift in Sources */ = {isa = PBXBuildFile; fileRef = 99E000CA2B90409700099656 /* LocalNotificationsViewController.swift */; };
		99E000CD2B9042A800099656 /* HomeViewController + ViewModel.swift in Sources */ = {isa = PBXBuildFile; fileRef = 99E000CC2B9042A800099656 /* HomeViewController + ViewModel.swift */; };
		99E000CF2B90438C00099656 /* HomeViewController + Constants.swift in Sources */ = {isa = PBXBuildFile; fileRef = 99E000CE2B90438C00099656 /* HomeViewController + Constants.swift */; };
		99E000D32B907B1600099656 /* LocalNotificationsViewController + StatusController.swift in Sources */ = {isa = PBXBuildFile; fileRef = 99E000D22B907B1600099656 /* LocalNotificationsViewController + StatusController.swift */; };
		99E000D52B92C54900099656 /* LocalNotificationsViewController + setUpUI.swift in Sources */ = {isa = PBXBuildFile; fileRef = 99E000D42B92C54900099656 /* LocalNotificationsViewController + setUpUI.swift */; };
		99E000D72B92C59300099656 /* LocalNotificationsViewController + LocalNotification.swift in Sources */ = {isa = PBXBuildFile; fileRef = 99E000D62B92C59300099656 /* LocalNotificationsViewController + LocalNotification.swift */; };
		99E000D92B92F28F00099656 /* LocalNotificationsViewController + NotificationCenter.swift in Sources */ = {isa = PBXBuildFile; fileRef = 99E000D82B92F28F00099656 /* LocalNotificationsViewController + NotificationCenter.swift */; };
		99E000DC2B92F2E600099656 /* Extension + Notification.Name.swift in Sources */ = {isa = PBXBuildFile; fileRef = 99E000DB2B92F2E600099656 /* Extension + Notification.Name.swift */; };
		99E000DE2B92F31B00099656 /* Extension + SceneDelegate.swift in Sources */ = {isa = PBXBuildFile; fileRef = 99E000DD2B92F31B00099656 /* Extension + SceneDelegate.swift */; };
		99E000E12B939A8200099656 /* SearchControllerViewController.swift in Sources */ = {isa = PBXBuildFile; fileRef = 99E000E02B939A8200099656 /* SearchControllerViewController.swift */; };
		99E000E32B939B8200099656 /* SearchControllerViewController + UISearchResultsUpdating.swift in Sources */ = {isa = PBXBuildFile; fileRef = 99E000E22B939B8200099656 /* SearchControllerViewController + UISearchResultsUpdating.swift */; };
		99E000E62B93D73000099656 /* NetworkManager.swift in Sources */ = {isa = PBXBuildFile; fileRef = 99E000E52B93D73000099656 /* NetworkManager.swift */; };
		99E000EB2B93D79C00099656 /* NetworkError.swift in Sources */ = {isa = PBXBuildFile; fileRef = 99E000EA2B93D79C00099656 /* NetworkError.swift */; };
		99E000EE2B93D84500099656 /* TodosModel.swift in Sources */ = {isa = PBXBuildFile; fileRef = 99E000ED2B93D84500099656 /* TodosModel.swift */; };
/* End PBXBuildFile section */

/* Begin PBXContainerItemProxy section */
		997615D62D17DEC700DCDC1C /* PBXContainerItemProxy */ = {
			isa = PBXContainerItemProxy;
			containerPortal = 99E000A82B903C7800099656 /* Project object */;
			proxyType = 1;
			remoteGlobalIDString = 997615C82D17DEC700DCDC1C;
			remoteInfo = UIKitTestsLocalNotificationUI;
		};
/* End PBXContainerItemProxy section */

/* Begin PBXCopyFilesBuildPhase section */
		997615D92D17DEC700DCDC1C /* Embed Foundation Extensions */ = {
			isa = PBXCopyFilesBuildPhase;
			buildActionMask = 2147483647;
			dstPath = "";
			dstSubfolderSpec = 13;
			files = (
				997615D82D17DEC700DCDC1C /* UIKitTestsLocalNotificationUI.appex in Embed Foundation Extensions */,
			);
			name = "Embed Foundation Extensions";
			runOnlyForDeploymentPostprocessing = 0;
		};
/* End PBXCopyFilesBuildPhase section */

/* Begin PBXFileReference section */
		990295742D264C6600EB1785 /* TableViewController.swift */ = {isa = PBXFileReference; lastKnownFileType = sourcecode.swift; path = TableViewController.swift; sourceTree = "<group>"; };
		990295762D264DA600EB1785 /* TableViewController + UI.swift */ = {isa = PBXFileReference; lastKnownFileType = sourcecode.swift; path = "TableViewController + UI.swift"; sourceTree = "<group>"; };
		990295782D264EBC00EB1785 /* TableViewController + UITableViewDelegate.swift */ = {isa = PBXFileReference; lastKnownFileType = sourcecode.swift; path = "TableViewController + UITableViewDelegate.swift"; sourceTree = "<group>"; };
		9902957A2D264F0200EB1785 /* TableViewController + UITableViewDataSource.swift */ = {isa = PBXFileReference; lastKnownFileType = sourcecode.swift; path = "TableViewController + UITableViewDataSource.swift"; sourceTree = "<group>"; };
		9902957D2D26D96500EB1785 /* StylesTableViewController.swift */ = {isa = PBXFileReference; lastKnownFileType = sourcecode.swift; path = StylesTableViewController.swift; sourceTree = "<group>"; };
		996DE8252B95180B00222D30 /* SearchControllerViewController + TableView.swift */ = {isa = PBXFileReference; lastKnownFileType = sourcecode.swift; path = "SearchControllerViewController + TableView.swift"; sourceTree = "<group>"; };
		996DE8272B9518A300222D30 /* SearchControllerViewController + ViewModel.swift */ = {isa = PBXFileReference; lastKnownFileType = sourcecode.swift; path = "SearchControllerViewController + ViewModel.swift"; sourceTree = "<group>"; };
		996DE8292B95213D00222D30 /* PostsModel.swift */ = {isa = PBXFileReference; lastKnownFileType = sourcecode.swift; path = PostsModel.swift; sourceTree = "<group>"; };
		996DE82B2B952E0E00222D30 /* SearchControllerViewController + setupUI.swift */ = {isa = PBXFileReference; lastKnownFileType = sourcecode.swift; path = "SearchControllerViewController + setupUI.swift"; sourceTree = "<group>"; };
		996DE82E2B952EDC00222D30 /* SearchResultsViewController.swift */ = {isa = PBXFileReference; lastKnownFileType = sourcecode.swift; path = SearchResultsViewController.swift; sourceTree = "<group>"; };
		996DE8322B952F7D00222D30 /* SearchResultsViewController + UISearchResultsUpdating.swift */ = {isa = PBXFileReference; lastKnownFileType = sourcecode.swift; path = "SearchResultsViewController + UISearchResultsUpdating.swift"; sourceTree = "<group>"; };
		996DE8342B952FD900222D30 /* SearchResultsViewController + setupUI.swift */ = {isa = PBXFileReference; lastKnownFileType = sourcecode.swift; path = "SearchResultsViewController + setupUI.swift"; sourceTree = "<group>"; };
		996DE8372B95359200222D30 /* ResultsViewController.swift */ = {isa = PBXFileReference; lastKnownFileType = sourcecode.swift; path = ResultsViewController.swift; sourceTree = "<group>"; };
		996DE8392B95392400222D30 /* ResultsViewController + setupUI.swift */ = {isa = PBXFileReference; lastKnownFileType = sourcecode.swift; path = "ResultsViewController + setupUI.swift"; sourceTree = "<group>"; };
		997615C92D17DEC700DCDC1C /* UIKitTestsLocalNotificationUI.appex */ = {isa = PBXFileReference; explicitFileType = "wrapper.app-extension"; includeInIndex = 0; path = UIKitTestsLocalNotificationUI.appex; sourceTree = BUILT_PRODUCTS_DIR; };
		997615CB2D17DEC700DCDC1C /* UserNotifications.framework */ = {isa = PBXFileReference; lastKnownFileType = wrapper.framework; name = UserNotifications.framework; path = System/Library/Frameworks/UserNotifications.framework; sourceTree = SDKROOT; };
		997615CD2D17DEC700DCDC1C /* UserNotificationsUI.framework */ = {isa = PBXFileReference; lastKnownFileType = wrapper.framework; name = UserNotificationsUI.framework; path = System/Library/Frameworks/UserNotificationsUI.framework; sourceTree = SDKROOT; };
		99A7F1622CB3187100A6BC7D /* ResponderChainController.swift */ = {isa = PBXFileReference; lastKnownFileType = sourcecode.swift; path = ResponderChainController.swift; sourceTree = "<group>"; };
		99A7F1642CB318C100A6BC7D /* ResponderChainController + UI.swift */ = {isa = PBXFileReference; lastKnownFileType = sourcecode.swift; path = "ResponderChainController + UI.swift"; sourceTree = "<group>"; };
		99C148A92B9E6262001CC926 /* SearchControllerViewController + UISearchControllerDelegate.swift */ = {isa = PBXFileReference; lastKnownFileType = sourcecode.swift; path = "SearchControllerViewController + UISearchControllerDelegate.swift"; sourceTree = "<group>"; };
		99C148AC2B9EDA0C001CC926 /* AsyncNetworkCallViewController.swift */ = {isa = PBXFileReference; lastKnownFileType = sourcecode.swift; path = AsyncNetworkCallViewController.swift; sourceTree = "<group>"; };
		99C148AE2B9EDEFE001CC926 /* UnSplashModel.swift */ = {isa = PBXFileReference; lastKnownFileType = sourcecode.swift; path = UnSplashModel.swift; sourceTree = "<group>"; };
		99C148B02B9EE40F001CC926 /* AsyncNetworkCallViewController + ViewModel.swift */ = {isa = PBXFileReference; lastKnownFileType = sourcecode.swift; path = "AsyncNetworkCallViewController + ViewModel.swift"; sourceTree = "<group>"; };
		99C148B22B9EEA64001CC926 /* AsyncNetworkCallViewController + setUpUI.swift */ = {isa = PBXFileReference; lastKnownFileType = sourcecode.swift; path = "AsyncNetworkCallViewController + setUpUI.swift"; sourceTree = "<group>"; };
		99C148B42B9EFD5A001CC926 /* AsyncNetworkCallViewController + UICollectionViewDataSource + UICollectionViewDelegate.swift */ = {isa = PBXFileReference; lastKnownFileType = sourcecode.swift; path = "AsyncNetworkCallViewController + UICollectionViewDataSource + UICollectionViewDelegate.swift"; sourceTree = "<group>"; };
		99C148B62B9EFF90001CC926 /* AsyncNetworkCallViewController + UICollectionViewDelegateFlowLayout.swift */ = {isa = PBXFileReference; lastKnownFileType = sourcecode.swift; path = "AsyncNetworkCallViewController + UICollectionViewDelegateFlowLayout.swift"; sourceTree = "<group>"; };
		99C148B82BA08023001CC926 /* ImageCollectionViewCell.swift */ = {isa = PBXFileReference; lastKnownFileType = sourcecode.swift; path = ImageCollectionViewCell.swift; sourceTree = "<group>"; };
		99C148BB2BA08D29001CC926 /* ImagePresenterViewController.swift */ = {isa = PBXFileReference; lastKnownFileType = sourcecode.swift; path = ImagePresenterViewController.swift; sourceTree = "<group>"; };
		99C148BE2BA5C5A5001CC926 /* CacheManager.swift */ = {isa = PBXFileReference; lastKnownFileType = sourcecode.swift; path = CacheManager.swift; sourceTree = "<group>"; };
		99C148C22BA5D85F001CC926 /* AsyncNetworkCallViewController + StatusController.swift */ = {isa = PBXFileReference; lastKnownFileType = sourcecode.swift; path = "AsyncNetworkCallViewController + StatusController.swift"; sourceTree = "<group>"; };
		99C148C62BA71653001CC926 /* SearchResultsViewController + UISearchControllerDelegate.swift */ = {isa = PBXFileReference; lastKnownFileType = sourcecode.swift; path = "SearchResultsViewController + UISearchControllerDelegate.swift"; sourceTree = "<group>"; };
		99C148C82BA71796001CC926 /* SearchResultsViewController + UISearchBarDelegate.swift */ = {isa = PBXFileReference; lastKnownFileType = sourcecode.swift; path = "SearchResultsViewController + UISearchBarDelegate.swift"; sourceTree = "<group>"; };
		99C148CA2BA79B86001CC926 /* UnSplashSearchModel.swift */ = {isa = PBXFileReference; lastKnownFileType = sourcecode.swift; path = UnSplashSearchModel.swift; sourceTree = "<group>"; };
		99C148CC2BA8E34A001CC926 /* SearchResultsViewController + ViewModel.swift */ = {isa = PBXFileReference; lastKnownFileType = sourcecode.swift; path = "SearchResultsViewController + ViewModel.swift"; sourceTree = "<group>"; };
		99C148CE2BAB8549001CC926 /* ResultsViewController + UICollectionViewDataSource + UICollectionViewDelegate.swift */ = {isa = PBXFileReference; lastKnownFileType = sourcecode.swift; path = "ResultsViewController + UICollectionViewDataSource + UICollectionViewDelegate.swift"; sourceTree = "<group>"; };
		99C148D02BAB913A001CC926 /* ResultsViewController + UICollectionViewDelegateFlowLayout.swift */ = {isa = PBXFileReference; lastKnownFileType = sourcecode.swift; path = "ResultsViewController + UICollectionViewDelegateFlowLayout.swift"; sourceTree = "<group>"; };
		99C3B01B2BCA1EAD00204150 /* UIVisualEffectViewController.swift */ = {isa = PBXFileReference; lastKnownFileType = sourcecode.swift; path = UIVisualEffectViewController.swift; sourceTree = "<group>"; };
		99C3B01D2BCA1F4100204150 /* UIVisualEffectViewController + UI.swift */ = {isa = PBXFileReference; lastKnownFileType = sourcecode.swift; path = "UIVisualEffectViewController + UI.swift"; sourceTree = "<group>"; };
		99C3B0202BCA69BA00204150 /* SheetViewController.swift */ = {isa = PBXFileReference; lastKnownFileType = sourcecode.swift; path = SheetViewController.swift; sourceTree = "<group>"; };
		99C3B0232BCA6B9600204150 /* SheetViewController + UI.swift */ = {isa = PBXFileReference; lastKnownFileType = sourcecode.swift; path = "SheetViewController + UI.swift"; sourceTree = "<group>"; };
		99C3B0252BCA706B00204150 /* UIVisualEffectViewController + Constants.swift */ = {isa = PBXFileReference; lastKnownFileType = sourcecode.swift; path = "UIVisualEffectViewController + Constants.swift"; sourceTree = "<group>"; };
		99C3B02B2BD35E2A00204150 /* UIVisualEffectViewController + Blur Effect.swift */ = {isa = PBXFileReference; lastKnownFileType = sourcecode.swift; path = "UIVisualEffectViewController + Blur Effect.swift"; sourceTree = "<group>"; };
		99C3B02D2BD370E200204150 /* UIVisualEffectViewController + Vibrancy Effect.swift */ = {isa = PBXFileReference; lastKnownFileType = sourcecode.swift; path = "UIVisualEffectViewController + Vibrancy Effect.swift"; sourceTree = "<group>"; };
		99E000B02B903C7800099656 /* UIKitTests.app */ = {isa = PBXFileReference; explicitFileType = wrapper.application; includeInIndex = 0; path = UIKitTests.app; sourceTree = BUILT_PRODUCTS_DIR; };
		99E000B32B903C7800099656 /* AppDelegate.swift */ = {isa = PBXFileReference; lastKnownFileType = sourcecode.swift; path = AppDelegate.swift; sourceTree = "<group>"; };
		99E000B52B903C7800099656 /* SceneDelegate.swift */ = {isa = PBXFileReference; lastKnownFileType = sourcecode.swift; path = SceneDelegate.swift; sourceTree = "<group>"; };
		99E000B72B903C7800099656 /* HomeViewController.swift */ = {isa = PBXFileReference; lastKnownFileType = sourcecode.swift; path = HomeViewController.swift; sourceTree = "<group>"; };
		99E000BC2B903C7A00099656 /* Assets.xcassets */ = {isa = PBXFileReference; lastKnownFileType = folder.assetcatalog; path = Assets.xcassets; sourceTree = "<group>"; };
		99E000BF2B903C7A00099656 /* Base */ = {isa = PBXFileReference; lastKnownFileType = file.storyboard; name = Base; path = Base.lproj/LaunchScreen.storyboard; sourceTree = "<group>"; };
		99E000C12B903C7A00099656 /* Info.plist */ = {isa = PBXFileReference; lastKnownFileType = text.plist.xml; path = Info.plist; sourceTree = "<group>"; };
		99E000CA2B90409700099656 /* LocalNotificationsViewController.swift */ = {isa = PBXFileReference; lastKnownFileType = sourcecode.swift; path = LocalNotificationsViewController.swift; sourceTree = "<group>"; };
		99E000CC2B9042A800099656 /* HomeViewController + ViewModel.swift */ = {isa = PBXFileReference; lastKnownFileType = sourcecode.swift; path = "HomeViewController + ViewModel.swift"; sourceTree = "<group>"; };
		99E000CE2B90438C00099656 /* HomeViewController + Constants.swift */ = {isa = PBXFileReference; lastKnownFileType = sourcecode.swift; path = "HomeViewController + Constants.swift"; sourceTree = "<group>"; };
		99E000D22B907B1600099656 /* LocalNotificationsViewController + StatusController.swift */ = {isa = PBXFileReference; lastKnownFileType = sourcecode.swift; path = "LocalNotificationsViewController + StatusController.swift"; sourceTree = "<group>"; };
		99E000D42B92C54900099656 /* LocalNotificationsViewController + setUpUI.swift */ = {isa = PBXFileReference; lastKnownFileType = sourcecode.swift; path = "LocalNotificationsViewController + setUpUI.swift"; sourceTree = "<group>"; };
		99E000D62B92C59300099656 /* LocalNotificationsViewController + LocalNotification.swift */ = {isa = PBXFileReference; lastKnownFileType = sourcecode.swift; path = "LocalNotificationsViewController + LocalNotification.swift"; sourceTree = "<group>"; };
		99E000D82B92F28F00099656 /* LocalNotificationsViewController + NotificationCenter.swift */ = {isa = PBXFileReference; lastKnownFileType = sourcecode.swift; path = "LocalNotificationsViewController + NotificationCenter.swift"; sourceTree = "<group>"; };
		99E000DB2B92F2E600099656 /* Extension + Notification.Name.swift */ = {isa = PBXFileReference; lastKnownFileType = sourcecode.swift; path = "Extension + Notification.Name.swift"; sourceTree = "<group>"; };
		99E000DD2B92F31B00099656 /* Extension + SceneDelegate.swift */ = {isa = PBXFileReference; lastKnownFileType = sourcecode.swift; path = "Extension + SceneDelegate.swift"; sourceTree = "<group>"; };
		99E000E02B939A8200099656 /* SearchControllerViewController.swift */ = {isa = PBXFileReference; lastKnownFileType = sourcecode.swift; path = SearchControllerViewController.swift; sourceTree = "<group>"; };
		99E000E22B939B8200099656 /* SearchControllerViewController + UISearchResultsUpdating.swift */ = {isa = PBXFileReference; lastKnownFileType = sourcecode.swift; path = "SearchControllerViewController + UISearchResultsUpdating.swift"; sourceTree = "<group>"; };
		99E000E52B93D73000099656 /* NetworkManager.swift */ = {isa = PBXFileReference; lastKnownFileType = sourcecode.swift; path = NetworkManager.swift; sourceTree = "<group>"; };
		99E000EA2B93D79C00099656 /* NetworkError.swift */ = {isa = PBXFileReference; lastKnownFileType = sourcecode.swift; path = NetworkError.swift; sourceTree = "<group>"; };
		99E000ED2B93D84500099656 /* TodosModel.swift */ = {isa = PBXFileReference; lastKnownFileType = sourcecode.swift; path = TodosModel.swift; sourceTree = "<group>"; };
/* End PBXFileReference section */

/* Begin PBXFileSystemSynchronizedBuildFileExceptionSet section */
		997615DC2D17DEC700DCDC1C /* PBXFileSystemSynchronizedBuildFileExceptionSet */ = {
			isa = PBXFileSystemSynchronizedBuildFileExceptionSet;
			membershipExceptions = (
				Info.plist,
			);
			target = 997615C82D17DEC700DCDC1C /* UIKitTestsLocalNotificationUI */;
		};
/* End PBXFileSystemSynchronizedBuildFileExceptionSet section */

/* Begin PBXFileSystemSynchronizedRootGroup section */
		997615CF2D17DEC700DCDC1C /* UIKitTestsLocalNotificationUI */ = {isa = PBXFileSystemSynchronizedRootGroup; exceptions = (997615DC2D17DEC700DCDC1C /* PBXFileSystemSynchronizedBuildFileExceptionSet */, ); explicitFileTypes = {}; explicitFolders = (); path = UIKitTestsLocalNotificationUI; sourceTree = "<group>"; };
/* End PBXFileSystemSynchronizedRootGroup section */

/* Begin PBXFrameworksBuildPhase section */
		997615C62D17DEC700DCDC1C /* Frameworks */ = {
			isa = PBXFrameworksBuildPhase;
			buildActionMask = 2147483647;
			files = (
				997615CE2D17DEC700DCDC1C /* UserNotificationsUI.framework in Frameworks */,
				997615CC2D17DEC700DCDC1C /* UserNotifications.framework in Frameworks */,
			);
			runOnlyForDeploymentPostprocessing = 0;
		};
		99E000AD2B903C7800099656 /* Frameworks */ = {
			isa = PBXFrameworksBuildPhase;
			buildActionMask = 2147483647;
			files = (
			);
			runOnlyForDeploymentPostprocessing = 0;
		};
/* End PBXFrameworksBuildPhase section */

/* Begin PBXGroup section */
		990295712D264C4300EB1785 /* TableView */ = {
			isa = PBXGroup;
			children = (
				990295732D264C5100EB1785 /* Controller */,
				990295722D264C4C00EB1785 /* View */,
			);
			path = TableView;
			sourceTree = "<group>";
		};
		990295722D264C4C00EB1785 /* View */ = {
			isa = PBXGroup;
			children = (
				990295762D264DA600EB1785 /* TableViewController + UI.swift */,
				990295782D264EBC00EB1785 /* TableViewController + UITableViewDelegate.swift */,
				9902957A2D264F0200EB1785 /* TableViewController + UITableViewDataSource.swift */,
			);
			path = View;
			sourceTree = "<group>";
		};
		990295732D264C5100EB1785 /* Controller */ = {
			isa = PBXGroup;
			children = (
				9902957C2D26D94300EB1785 /* SubControllers */,
				990295742D264C6600EB1785 /* TableViewController.swift */,
			);
			path = Controller;
			sourceTree = "<group>";
		};
		9902957C2D26D94300EB1785 /* SubControllers */ = {
			isa = PBXGroup;
			children = (
				9902957D2D26D96500EB1785 /* StylesTableViewController.swift */,
			);
			path = SubControllers;
			sourceTree = "<group>";
		};
		996DE82D2B952E6600222D30 /* SearchResultsController */ = {
			isa = PBXGroup;
			children = (
				996DE8362B95357B00222D30 /* ResultsController */,
				996DE82E2B952EDC00222D30 /* SearchResultsViewController.swift */,
				996DE8322B952F7D00222D30 /* SearchResultsViewController + UISearchResultsUpdating.swift */,
				996DE8342B952FD900222D30 /* SearchResultsViewController + setupUI.swift */,
				99C148C62BA71653001CC926 /* SearchResultsViewController + UISearchControllerDelegate.swift */,
				99C148C82BA71796001CC926 /* SearchResultsViewController + UISearchBarDelegate.swift */,
				99C148CC2BA8E34A001CC926 /* SearchResultsViewController + ViewModel.swift */,
			);
			path = SearchResultsController;
			sourceTree = "<group>";
		};
		996DE8302B952EF500222D30 /* SearchViewController */ = {
			isa = PBXGroup;
			children = (
				99E000E02B939A8200099656 /* SearchControllerViewController.swift */,
				99E000E22B939B8200099656 /* SearchControllerViewController + UISearchResultsUpdating.swift */,
				996DE8252B95180B00222D30 /* SearchControllerViewController + TableView.swift */,
				996DE8272B9518A300222D30 /* SearchControllerViewController + ViewModel.swift */,
				996DE82B2B952E0E00222D30 /* SearchControllerViewController + setupUI.swift */,
				99C148A92B9E6262001CC926 /* SearchControllerViewController + UISearchControllerDelegate.swift */,
			);
			path = SearchViewController;
			sourceTree = "<group>";
		};
		996DE8362B95357B00222D30 /* ResultsController */ = {
			isa = PBXGroup;
			children = (
				996DE8372B95359200222D30 /* ResultsViewController.swift */,
				996DE8392B95392400222D30 /* ResultsViewController + setupUI.swift */,
				99C148CE2BAB8549001CC926 /* ResultsViewController + UICollectionViewDataSource + UICollectionViewDelegate.swift */,
				99C148D02BAB913A001CC926 /* ResultsViewController + UICollectionViewDelegateFlowLayout.swift */,
			);
			path = ResultsController;
			sourceTree = "<group>";
		};
		997615CA2D17DEC700DCDC1C /* Frameworks */ = {
			isa = PBXGroup;
			children = (
				997615CB2D17DEC700DCDC1C /* UserNotifications.framework */,
				997615CD2D17DEC700DCDC1C /* UserNotificationsUI.framework */,
			);
			name = Frameworks;
			sourceTree = "<group>";
		};
		99A7F15F2CB3181600A6BC7D /* ResponderChain */ = {
			isa = PBXGroup;
			children = (
				99A7F1612CB3184B00A6BC7D /* View */,
				99A7F1602CB3184300A6BC7D /* Controller */,
			);
			path = ResponderChain;
			sourceTree = "<group>";
		};
		99A7F1602CB3184300A6BC7D /* Controller */ = {
			isa = PBXGroup;
			children = (
				99A7F1622CB3187100A6BC7D /* ResponderChainController.swift */,
			);
			path = Controller;
			sourceTree = "<group>";
		};
		99A7F1612CB3184B00A6BC7D /* View */ = {
			isa = PBXGroup;
			children = (
				99A7F1642CB318C100A6BC7D /* ResponderChainController + UI.swift */,
			);
			path = View;
			sourceTree = "<group>";
		};
		99C148AB2B9ED9CB001CC926 /* Async NetworkCall */ = {
			isa = PBXGroup;
			children = (
				99C148C02BA5D295001CC926 /* AsyncNetworkController */,
				99C148BA2BA08D0B001CC926 /* ImagePresenterController */,
			);
			path = "Async NetworkCall";
			sourceTree = "<group>";
		};
		99C148BA2BA08D0B001CC926 /* ImagePresenterController */ = {
			isa = PBXGroup;
			children = (
				99C148BB2BA08D29001CC926 /* ImagePresenterViewController.swift */,
			);
			path = ImagePresenterController;
			sourceTree = "<group>";
		};
		99C148BD2BA5C58C001CC926 /* CacheManager */ = {
			isa = PBXGroup;
			children = (
				99C148BE2BA5C5A5001CC926 /* CacheManager.swift */,
			);
			path = CacheManager;
			sourceTree = "<group>";
		};
		99C148C02BA5D295001CC926 /* AsyncNetworkController */ = {
			isa = PBXGroup;
			children = (
				99C148C12BA5D2B2001CC926 /* CollectionViewCell */,
				99C148AC2B9EDA0C001CC926 /* AsyncNetworkCallViewController.swift */,
				99C148B22B9EEA64001CC926 /* AsyncNetworkCallViewController + setUpUI.swift */,
				99C148B02B9EE40F001CC926 /* AsyncNetworkCallViewController + ViewModel.swift */,
				99C148B42B9EFD5A001CC926 /* AsyncNetworkCallViewController + UICollectionViewDataSource + UICollectionViewDelegate.swift */,
				99C148B62B9EFF90001CC926 /* AsyncNetworkCallViewController + UICollectionViewDelegateFlowLayout.swift */,
				99C148C22BA5D85F001CC926 /* AsyncNetworkCallViewController + StatusController.swift */,
			);
			path = AsyncNetworkController;
			sourceTree = "<group>";
		};
		99C148C12BA5D2B2001CC926 /* CollectionViewCell */ = {
			isa = PBXGroup;
			children = (
				99C148B82BA08023001CC926 /* ImageCollectionViewCell.swift */,
			);
			path = CollectionViewCell;
			sourceTree = "<group>";
		};
		99C3B01A2BCA1E6000204150 /* UIVisualEffect */ = {
			isa = PBXGroup;
			children = (
				99C3B0282BD3575B00204150 /* View */,
				99C3B0272BD3575000204150 /* Controller */,
			);
			path = UIVisualEffect;
			sourceTree = "<group>";
		};
		99C3B01F2BCA698700204150 /* SheetViewController */ = {
			isa = PBXGroup;
			children = (
				99C3B0202BCA69BA00204150 /* SheetViewController.swift */,
				99C3B0232BCA6B9600204150 /* SheetViewController + UI.swift */,
			);
			path = SheetViewController;
			sourceTree = "<group>";
		};
		99C3B0222BCA6B0900204150 /* Reusable Components */ = {
			isa = PBXGroup;
			children = (
				99C3B01F2BCA698700204150 /* SheetViewController */,
			);
			path = "Reusable Components";
			sourceTree = "<group>";
		};
		99C3B0272BD3575000204150 /* Controller */ = {
			isa = PBXGroup;
			children = (
				99C3B01B2BCA1EAD00204150 /* UIVisualEffectViewController.swift */,
				99C3B0252BCA706B00204150 /* UIVisualEffectViewController + Constants.swift */,
			);
			path = Controller;
			sourceTree = "<group>";
		};
		99C3B0282BD3575B00204150 /* View */ = {
			isa = PBXGroup;
			children = (
				99C3B01D2BCA1F4100204150 /* UIVisualEffectViewController + UI.swift */,
				99C3B02B2BD35E2A00204150 /* UIVisualEffectViewController + Blur Effect.swift */,
				99C3B02D2BD370E200204150 /* UIVisualEffectViewController + Vibrancy Effect.swift */,
			);
			path = View;
			sourceTree = "<group>";
		};
		99E000A72B903C7800099656 = {
			isa = PBXGroup;
			children = (
				99E000B22B903C7800099656 /* UIKitTests */,
				997615CF2D17DEC700DCDC1C /* UIKitTestsLocalNotificationUI */,
				997615CA2D17DEC700DCDC1C /* Frameworks */,
				99E000B12B903C7800099656 /* Products */,
			);
			sourceTree = "<group>";
		};
		99E000B12B903C7800099656 /* Products */ = {
			isa = PBXGroup;
			children = (
				99E000B02B903C7800099656 /* UIKitTests.app */,
				997615C92D17DEC700DCDC1C /* UIKitTestsLocalNotificationUI.appex */,
			);
			name = Products;
			sourceTree = "<group>";
		};
		99E000B22B903C7800099656 /* UIKitTests */ = {
			isa = PBXGroup;
			children = (
				99C3B0222BCA6B0900204150 /* Reusable Components */,
				99E000E72B93D77900099656 /* Network */,
				99E000DA2B92F2C500099656 /* Extensions */,
				99E000D12B90441E00099656 /* Implementations */,
				99E000D02B90440B00099656 /* HomeViewController */,
				99E000C82B903DE500099656 /* Assets */,
				99E000C72B903DA100099656 /* System Generated */,
				99E000C12B903C7A00099656 /* Info.plist */,
			);
			path = UIKitTests;
			sourceTree = "<group>";
		};
		99E000C72B903DA100099656 /* System Generated */ = {
			isa = PBXGroup;
			children = (
				99E000BE2B903C7A00099656 /* LaunchScreen.storyboard */,
				99E000B52B903C7800099656 /* SceneDelegate.swift */,
				99E000B32B903C7800099656 /* AppDelegate.swift */,
			);
			path = "System Generated";
			sourceTree = "<group>";
		};
		99E000C82B903DE500099656 /* Assets */ = {
			isa = PBXGroup;
			children = (
				99E000BC2B903C7A00099656 /* Assets.xcassets */,
			);
			path = Assets;
			sourceTree = "<group>";
		};
		99E000C92B90405200099656 /* LocalNotifications */ = {
			isa = PBXGroup;
			children = (
				99E000CA2B90409700099656 /* LocalNotificationsViewController.swift */,
				99E000D42B92C54900099656 /* LocalNotificationsViewController + setUpUI.swift */,
				99E000D22B907B1600099656 /* LocalNotificationsViewController + StatusController.swift */,
				99E000D62B92C59300099656 /* LocalNotificationsViewController + LocalNotification.swift */,
				99E000D82B92F28F00099656 /* LocalNotificationsViewController + NotificationCenter.swift */,
			);
			path = LocalNotifications;
			sourceTree = "<group>";
		};
		99E000D02B90440B00099656 /* HomeViewController */ = {
			isa = PBXGroup;
			children = (
				99E000B72B903C7800099656 /* HomeViewController.swift */,
				99E000CE2B90438C00099656 /* HomeViewController + Constants.swift */,
				99E000CC2B9042A800099656 /* HomeViewController + ViewModel.swift */,
			);
			path = HomeViewController;
			sourceTree = "<group>";
		};
		99E000D12B90441E00099656 /* Implementations */ = {
			isa = PBXGroup;
			children = (
				990295712D264C4300EB1785 /* TableView */,
				99A7F15F2CB3181600A6BC7D /* ResponderChain */,
				99C3B01A2BCA1E6000204150 /* UIVisualEffect */,
				99C148AB2B9ED9CB001CC926 /* Async NetworkCall */,
				99E000DF2B939A4B00099656 /* SearchController */,
				99E000C92B90405200099656 /* LocalNotifications */,
			);
			path = Implementations;
			sourceTree = "<group>";
		};
		99E000DA2B92F2C500099656 /* Extensions */ = {
			isa = PBXGroup;
			children = (
				99E000DB2B92F2E600099656 /* Extension + Notification.Name.swift */,
				99E000DD2B92F31B00099656 /* Extension + SceneDelegate.swift */,
			);
			path = Extensions;
			sourceTree = "<group>";
		};
		99E000DF2B939A4B00099656 /* SearchController */ = {
			isa = PBXGroup;
			children = (
				996DE8302B952EF500222D30 /* SearchViewController */,
				996DE82D2B952E6600222D30 /* SearchResultsController */,
			);
			path = SearchController;
			sourceTree = "<group>";
		};
		99E000E42B93D70E00099656 /* NetworkManager */ = {
			isa = PBXGroup;
			children = (
				99E000E52B93D73000099656 /* NetworkManager.swift */,
			);
			path = NetworkManager;
			sourceTree = "<group>";
		};
		99E000E72B93D77900099656 /* Network */ = {
			isa = PBXGroup;
			children = (
				99C148BD2BA5C58C001CC926 /* CacheManager */,
				99E000E92B93D78B00099656 /* Error */,
				99E000E82B93D78500099656 /* Models */,
				99E000E42B93D70E00099656 /* NetworkManager */,
			);
			path = Network;
			sourceTree = "<group>";
		};
		99E000E82B93D78500099656 /* Models */ = {
			isa = PBXGroup;
			children = (
				99E000ED2B93D84500099656 /* TodosModel.swift */,
				996DE8292B95213D00222D30 /* PostsModel.swift */,
				99C148AE2B9EDEFE001CC926 /* UnSplashModel.swift */,
				99C148CA2BA79B86001CC926 /* UnSplashSearchModel.swift */,
			);
			path = Models;
			sourceTree = "<group>";
		};
		99E000E92B93D78B00099656 /* Error */ = {
			isa = PBXGroup;
			children = (
				99E000EA2B93D79C00099656 /* NetworkError.swift */,
			);
			path = Error;
			sourceTree = "<group>";
		};
/* End PBXGroup section */

/* Begin PBXNativeTarget section */
		997615C82D17DEC700DCDC1C /* UIKitTestsLocalNotificationUI */ = {
			isa = PBXNativeTarget;
			buildConfigurationList = 997615DD2D17DEC700DCDC1C /* Build configuration list for PBXNativeTarget "UIKitTestsLocalNotificationUI" */;
			buildPhases = (
				997615C52D17DEC700DCDC1C /* Sources */,
				997615C62D17DEC700DCDC1C /* Frameworks */,
				997615C72D17DEC700DCDC1C /* Resources */,
			);
			buildRules = (
			);
			dependencies = (
			);
			fileSystemSynchronizedGroups = (
				997615CF2D17DEC700DCDC1C /* UIKitTestsLocalNotificationUI */,
			);
			name = UIKitTestsLocalNotificationUI;
			packageProductDependencies = (
			);
			productName = UIKitTestsLocalNotificationUI;
			productReference = 997615C92D17DEC700DCDC1C /* UIKitTestsLocalNotificationUI.appex */;
			productType = "com.apple.product-type.app-extension";
		};
		99E000AF2B903C7800099656 /* UIKitTests */ = {
			isa = PBXNativeTarget;
			buildConfigurationList = 99E000C42B903C7A00099656 /* Build configuration list for PBXNativeTarget "UIKitTests" */;
			buildPhases = (
				99E000AC2B903C7800099656 /* Sources */,
				99E000AD2B903C7800099656 /* Frameworks */,
				99E000AE2B903C7800099656 /* Resources */,
				997615D92D17DEC700DCDC1C /* Embed Foundation Extensions */,
			);
			buildRules = (
			);
			dependencies = (
				997615D72D17DEC700DCDC1C /* PBXTargetDependency */,
			);
			name = UIKitTests;
			productName = UIKitTests;
			productReference = 99E000B02B903C7800099656 /* UIKitTests.app */;
			productType = "com.apple.product-type.application";
		};
/* End PBXNativeTarget section */

/* Begin PBXProject section */
		99E000A82B903C7800099656 /* Project object */ = {
			isa = PBXProject;
			attributes = {
				BuildIndependentTargetsInParallel = 1;
				LastSwiftUpdateCheck = 1610;
				LastUpgradeCheck = 1500;
				TargetAttributes = {
					997615C82D17DEC700DCDC1C = {
						CreatedOnToolsVersion = 16.1;
					};
					99E000AF2B903C7800099656 = {
						CreatedOnToolsVersion = 15.0.1;
					};
				};
			};
			buildConfigurationList = 99E000AB2B903C7800099656 /* Build configuration list for PBXProject "UIKitTests" */;
			compatibilityVersion = "Xcode 14.0";
			developmentRegion = en;
			hasScannedForEncodings = 0;
			knownRegions = (
				en,
				Base,
			);
			mainGroup = 99E000A72B903C7800099656;
			productRefGroup = 99E000B12B903C7800099656 /* Products */;
			projectDirPath = "";
			projectRoot = "";
			targets = (
				99E000AF2B903C7800099656 /* UIKitTests */,
				997615C82D17DEC700DCDC1C /* UIKitTestsLocalNotificationUI */,
			);
		};
/* End PBXProject section */

/* Begin PBXResourcesBuildPhase section */
		997615C72D17DEC700DCDC1C /* Resources */ = {
			isa = PBXResourcesBuildPhase;
			buildActionMask = 2147483647;
			files = (
			);
			runOnlyForDeploymentPostprocessing = 0;
		};
		99E000AE2B903C7800099656 /* Resources */ = {
			isa = PBXResourcesBuildPhase;
			buildActionMask = 2147483647;
			files = (
				99E000C02B903C7A00099656 /* LaunchScreen.storyboard in Resources */,
				99E000BD2B903C7A00099656 /* Assets.xcassets in Resources */,
			);
			runOnlyForDeploymentPostprocessing = 0;
		};
/* End PBXResourcesBuildPhase section */

/* Begin PBXSourcesBuildPhase section */
		997615C52D17DEC700DCDC1C /* Sources */ = {
			isa = PBXSourcesBuildPhase;
			buildActionMask = 2147483647;
			files = (
			);
			runOnlyForDeploymentPostprocessing = 0;
		};
		99E000AC2B903C7800099656 /* Sources */ = {
			isa = PBXSourcesBuildPhase;
			buildActionMask = 2147483647;
			files = (
				99E000EE2B93D84500099656 /* TodosModel.swift in Sources */,
				996DE8282B9518A300222D30 /* SearchControllerViewController + ViewModel.swift in Sources */,
				990295792D264EBC00EB1785 /* TableViewController + UITableViewDelegate.swift in Sources */,
				99C3B02E2BD370E200204150 /* UIVisualEffectViewController + Vibrancy Effect.swift in Sources */,
				990295772D264DA600EB1785 /* TableViewController + UI.swift in Sources */,
				996DE82C2B952E0E00222D30 /* SearchControllerViewController + setupUI.swift in Sources */,
				996DE82F2B952EDC00222D30 /* SearchResultsViewController.swift in Sources */,
				99C148C72BA71653001CC926 /* SearchResultsViewController + UISearchControllerDelegate.swift in Sources */,
				99E000B82B903C7800099656 /* HomeViewController.swift in Sources */,
				99C3B0212BCA69BA00204150 /* SheetViewController.swift in Sources */,
				99E000EB2B93D79C00099656 /* NetworkError.swift in Sources */,
				99C148B72B9EFF90001CC926 /* AsyncNetworkCallViewController + UICollectionViewDelegateFlowLayout.swift in Sources */,
				99C148B32B9EEA64001CC926 /* AsyncNetworkCallViewController + setUpUI.swift in Sources */,
				9902957E2D26D96500EB1785 /* StylesTableViewController.swift in Sources */,
				99C3B01E2BCA1F4100204150 /* UIVisualEffectViewController + UI.swift in Sources */,
				99E000D52B92C54900099656 /* LocalNotificationsViewController + setUpUI.swift in Sources */,
				996DE8352B952FD900222D30 /* SearchResultsViewController + setupUI.swift in Sources */,
				99C148AF2B9EDEFE001CC926 /* UnSplashModel.swift in Sources */,
				99E000D32B907B1600099656 /* LocalNotificationsViewController + StatusController.swift in Sources */,
				99E000D92B92F28F00099656 /* LocalNotificationsViewController + NotificationCenter.swift in Sources */,
				99C148D12BAB913A001CC926 /* ResultsViewController + UICollectionViewDelegateFlowLayout.swift in Sources */,
				99C148B12B9EE40F001CC926 /* AsyncNetworkCallViewController + ViewModel.swift in Sources */,
				99E000CD2B9042A800099656 /* HomeViewController + ViewModel.swift in Sources */,
				99E000E32B939B8200099656 /* SearchControllerViewController + UISearchResultsUpdating.swift in Sources */,
				99C148BF2BA5C5A5001CC926 /* CacheManager.swift in Sources */,
				99E000E12B939A8200099656 /* SearchControllerViewController.swift in Sources */,
				99C148AA2B9E6262001CC926 /* SearchControllerViewController + UISearchControllerDelegate.swift in Sources */,
				9902957B2D264F0200EB1785 /* TableViewController + UITableViewDataSource.swift in Sources */,
				99E000CB2B90409700099656 /* LocalNotificationsViewController.swift in Sources */,
				99A7F1632CB3187100A6BC7D /* ResponderChainController.swift in Sources */,
				99C3B0242BCA6B9600204150 /* SheetViewController + UI.swift in Sources */,
				996DE8332B952F7D00222D30 /* SearchResultsViewController + UISearchResultsUpdating.swift in Sources */,
				990295752D264C6600EB1785 /* TableViewController.swift in Sources */,
				99C148B52B9EFD5A001CC926 /* AsyncNetworkCallViewController + UICollectionViewDataSource + UICollectionViewDelegate.swift in Sources */,
				99E000B42B903C7800099656 /* AppDelegate.swift in Sources */,
				99E000B62B903C7800099656 /* SceneDelegate.swift in Sources */,
				99C148C32BA5D85F001CC926 /* AsyncNetworkCallViewController + StatusController.swift in Sources */,
				996DE82A2B95213D00222D30 /* PostsModel.swift in Sources */,
				99C3B02C2BD35E2A00204150 /* UIVisualEffectViewController + Blur Effect.swift in Sources */,
				99C148CF2BAB8549001CC926 /* ResultsViewController + UICollectionViewDataSource + UICollectionViewDelegate.swift in Sources */,
				996DE8382B95359200222D30 /* ResultsViewController.swift in Sources */,
				996DE8262B95180B00222D30 /* SearchControllerViewController + TableView.swift in Sources */,
				99C148BC2BA08D29001CC926 /* ImagePresenterViewController.swift in Sources */,
				99E000CF2B90438C00099656 /* HomeViewController + Constants.swift in Sources */,
				99C148C92BA71796001CC926 /* SearchResultsViewController + UISearchBarDelegate.swift in Sources */,
				99A7F1652CB318C100A6BC7D /* ResponderChainController + UI.swift in Sources */,
				996DE83A2B95392400222D30 /* ResultsViewController + setupUI.swift in Sources */,
				99C148CD2BA8E34A001CC926 /* SearchResultsViewController + ViewModel.swift in Sources */,
				99C148CB2BA79B86001CC926 /* UnSplashSearchModel.swift in Sources */,
				99E000DC2B92F2E600099656 /* Extension + Notification.Name.swift in Sources */,
				99C148AD2B9EDA0C001CC926 /* AsyncNetworkCallViewController.swift in Sources */,
				99C3B01C2BCA1EAD00204150 /* UIVisualEffectViewController.swift in Sources */,
				99C148B92BA08023001CC926 /* ImageCollectionViewCell.swift in Sources */,
				99E000E62B93D73000099656 /* NetworkManager.swift in Sources */,
				99E000D72B92C59300099656 /* LocalNotificationsViewController + LocalNotification.swift in Sources */,
				99E000DE2B92F31B00099656 /* Extension + SceneDelegate.swift in Sources */,
				99C3B0262BCA706B00204150 /* UIVisualEffectViewController + Constants.swift in Sources */,
			);
			runOnlyForDeploymentPostprocessing = 0;
		};
/* End PBXSourcesBuildPhase section */

/* Begin PBXTargetDependency section */
		997615D72D17DEC700DCDC1C /* PBXTargetDependency */ = {
			isa = PBXTargetDependency;
			target = 997615C82D17DEC700DCDC1C /* UIKitTestsLocalNotificationUI */;
			targetProxy = 997615D62D17DEC700DCDC1C /* PBXContainerItemProxy */;
		};
/* End PBXTargetDependency section */

/* Begin PBXVariantGroup section */
		99E000BE2B903C7A00099656 /* LaunchScreen.storyboard */ = {
			isa = PBXVariantGroup;
			children = (
				99E000BF2B903C7A00099656 /* Base */,
			);
			name = LaunchScreen.storyboard;
			sourceTree = "<group>";
		};
/* End PBXVariantGroup section */

/* Begin XCBuildConfiguration section */
		997615DA2D17DEC700DCDC1C /* Debug */ = {
			isa = XCBuildConfiguration;
			buildSettings = {
				CODE_SIGN_STYLE = Automatic;
				CURRENT_PROJECT_VERSION = 1;
				DEVELOPMENT_TEAM = DPK379U73T;
				GENERATE_INFOPLIST_FILE = YES;
				INFOPLIST_FILE = UIKitTestsLocalNotificationUI/Info.plist;
				INFOPLIST_KEY_CFBundleDisplayName = UIKitTestsLocalNotificationUI;
				INFOPLIST_KEY_NSHumanReadableCopyright = "";
				IPHONEOS_DEPLOYMENT_TARGET = 18.1;
				LD_RUNPATH_SEARCH_PATHS = (
					"$(inherited)",
					"@executable_path/Frameworks",
					"@executable_path/../../Frameworks",
				);
				MARKETING_VERSION = 1.0;
				PRODUCT_BUNDLE_IDENTIFIER = "com.brandon-suarez.UIKitTests.UIKitTestsLocalNotificationUI";
				PRODUCT_NAME = "$(TARGET_NAME)";
				SKIP_INSTALL = YES;
				SWIFT_EMIT_LOC_STRINGS = YES;
				SWIFT_VERSION = 5.0;
				TARGETED_DEVICE_FAMILY = "1,2";
			};
			name = Debug;
		};
		997615DB2D17DEC700DCDC1C /* Release */ = {
			isa = XCBuildConfiguration;
			buildSettings = {
				CODE_SIGN_STYLE = Automatic;
				CURRENT_PROJECT_VERSION = 1;
				DEVELOPMENT_TEAM = DPK379U73T;
				GENERATE_INFOPLIST_FILE = YES;
				INFOPLIST_FILE = UIKitTestsLocalNotificationUI/Info.plist;
				INFOPLIST_KEY_CFBundleDisplayName = UIKitTestsLocalNotificationUI;
				INFOPLIST_KEY_NSHumanReadableCopyright = "";
				IPHONEOS_DEPLOYMENT_TARGET = 18.1;
				LD_RUNPATH_SEARCH_PATHS = (
					"$(inherited)",
					"@executable_path/Frameworks",
					"@executable_path/../../Frameworks",
				);
				MARKETING_VERSION = 1.0;
				PRODUCT_BUNDLE_IDENTIFIER = "com.brandon-suarez.UIKitTests.UIKitTestsLocalNotificationUI";
				PRODUCT_NAME = "$(TARGET_NAME)";
				SKIP_INSTALL = YES;
				SWIFT_EMIT_LOC_STRINGS = YES;
				SWIFT_VERSION = 5.0;
				TARGETED_DEVICE_FAMILY = "1,2";
			};
			name = Release;
		};
		99E000C22B903C7A00099656 /* Debug */ = {
			isa = XCBuildConfiguration;
			buildSettings = {
				ALWAYS_SEARCH_USER_PATHS = NO;
				ASSETCATALOG_COMPILER_GENERATE_SWIFT_ASSET_SYMBOL_EXTENSIONS = YES;
				CLANG_ANALYZER_NONNULL = YES;
				CLANG_ANALYZER_NUMBER_OBJECT_CONVERSION = YES_AGGRESSIVE;
				CLANG_CXX_LANGUAGE_STANDARD = "gnu++20";
				CLANG_ENABLE_MODULES = YES;
				CLANG_ENABLE_OBJC_ARC = YES;
				CLANG_ENABLE_OBJC_WEAK = YES;
				CLANG_WARN_BLOCK_CAPTURE_AUTORELEASING = YES;
				CLANG_WARN_BOOL_CONVERSION = YES;
				CLANG_WARN_COMMA = YES;
				CLANG_WARN_CONSTANT_CONVERSION = YES;
				CLANG_WARN_DEPRECATED_OBJC_IMPLEMENTATIONS = YES;
				CLANG_WARN_DIRECT_OBJC_ISA_USAGE = YES_ERROR;
				CLANG_WARN_DOCUMENTATION_COMMENTS = YES;
				CLANG_WARN_EMPTY_BODY = YES;
				CLANG_WARN_ENUM_CONVERSION = YES;
				CLANG_WARN_INFINITE_RECURSION = YES;
				CLANG_WARN_INT_CONVERSION = YES;
				CLANG_WARN_NON_LITERAL_NULL_CONVERSION = YES;
				CLANG_WARN_OBJC_IMPLICIT_RETAIN_SELF = YES;
				CLANG_WARN_OBJC_LITERAL_CONVERSION = YES;
				CLANG_WARN_OBJC_ROOT_CLASS = YES_ERROR;
				CLANG_WARN_QUOTED_INCLUDE_IN_FRAMEWORK_HEADER = YES;
				CLANG_WARN_RANGE_LOOP_ANALYSIS = YES;
				CLANG_WARN_STRICT_PROTOTYPES = YES;
				CLANG_WARN_SUSPICIOUS_MOVE = YES;
				CLANG_WARN_UNGUARDED_AVAILABILITY = YES_AGGRESSIVE;
				CLANG_WARN_UNREACHABLE_CODE = YES;
				CLANG_WARN__DUPLICATE_METHOD_MATCH = YES;
				COPY_PHASE_STRIP = NO;
				DEBUG_INFORMATION_FORMAT = dwarf;
				ENABLE_STRICT_OBJC_MSGSEND = YES;
				ENABLE_TESTABILITY = YES;
				ENABLE_USER_SCRIPT_SANDBOXING = YES;
				GCC_C_LANGUAGE_STANDARD = gnu17;
				GCC_DYNAMIC_NO_PIC = NO;
				GCC_NO_COMMON_BLOCKS = YES;
				GCC_OPTIMIZATION_LEVEL = 0;
				GCC_PREPROCESSOR_DEFINITIONS = (
					"DEBUG=1",
					"$(inherited)",
				);
				GCC_WARN_64_TO_32_BIT_CONVERSION = YES;
				GCC_WARN_ABOUT_RETURN_TYPE = YES_ERROR;
				GCC_WARN_UNDECLARED_SELECTOR = YES;
				GCC_WARN_UNINITIALIZED_AUTOS = YES_AGGRESSIVE;
				GCC_WARN_UNUSED_FUNCTION = YES;
				GCC_WARN_UNUSED_VARIABLE = YES;
				IPHONEOS_DEPLOYMENT_TARGET = 17.0;
				LOCALIZATION_PREFERS_STRING_CATALOGS = YES;
				MTL_ENABLE_DEBUG_INFO = INCLUDE_SOURCE;
				MTL_FAST_MATH = YES;
				ONLY_ACTIVE_ARCH = YES;
				SDKROOT = iphoneos;
				SWIFT_ACTIVE_COMPILATION_CONDITIONS = "DEBUG $(inherited)";
				SWIFT_OPTIMIZATION_LEVEL = "-Onone";
			};
			name = Debug;
		};
		99E000C32B903C7A00099656 /* Release */ = {
			isa = XCBuildConfiguration;
			buildSettings = {
				ALWAYS_SEARCH_USER_PATHS = NO;
				ASSETCATALOG_COMPILER_GENERATE_SWIFT_ASSET_SYMBOL_EXTENSIONS = YES;
				CLANG_ANALYZER_NONNULL = YES;
				CLANG_ANALYZER_NUMBER_OBJECT_CONVERSION = YES_AGGRESSIVE;
				CLANG_CXX_LANGUAGE_STANDARD = "gnu++20";
				CLANG_ENABLE_MODULES = YES;
				CLANG_ENABLE_OBJC_ARC = YES;
				CLANG_ENABLE_OBJC_WEAK = YES;
				CLANG_WARN_BLOCK_CAPTURE_AUTORELEASING = YES;
				CLANG_WARN_BOOL_CONVERSION = YES;
				CLANG_WARN_COMMA = YES;
				CLANG_WARN_CONSTANT_CONVERSION = YES;
				CLANG_WARN_DEPRECATED_OBJC_IMPLEMENTATIONS = YES;
				CLANG_WARN_DIRECT_OBJC_ISA_USAGE = YES_ERROR;
				CLANG_WARN_DOCUMENTATION_COMMENTS = YES;
				CLANG_WARN_EMPTY_BODY = YES;
				CLANG_WARN_ENUM_CONVERSION = YES;
				CLANG_WARN_INFINITE_RECURSION = YES;
				CLANG_WARN_INT_CONVERSION = YES;
				CLANG_WARN_NON_LITERAL_NULL_CONVERSION = YES;
				CLANG_WARN_OBJC_IMPLICIT_RETAIN_SELF = YES;
				CLANG_WARN_OBJC_LITERAL_CONVERSION = YES;
				CLANG_WARN_OBJC_ROOT_CLASS = YES_ERROR;
				CLANG_WARN_QUOTED_INCLUDE_IN_FRAMEWORK_HEADER = YES;
				CLANG_WARN_RANGE_LOOP_ANALYSIS = YES;
				CLANG_WARN_STRICT_PROTOTYPES = YES;
				CLANG_WARN_SUSPICIOUS_MOVE = YES;
				CLANG_WARN_UNGUARDED_AVAILABILITY = YES_AGGRESSIVE;
				CLANG_WARN_UNREACHABLE_CODE = YES;
				CLANG_WARN__DUPLICATE_METHOD_MATCH = YES;
				COPY_PHASE_STRIP = NO;
				DEBUG_INFORMATION_FORMAT = "dwarf-with-dsym";
				ENABLE_NS_ASSERTIONS = NO;
				ENABLE_STRICT_OBJC_MSGSEND = YES;
				ENABLE_USER_SCRIPT_SANDBOXING = YES;
				GCC_C_LANGUAGE_STANDARD = gnu17;
				GCC_NO_COMMON_BLOCKS = YES;
				GCC_WARN_64_TO_32_BIT_CONVERSION = YES;
				GCC_WARN_ABOUT_RETURN_TYPE = YES_ERROR;
				GCC_WARN_UNDECLARED_SELECTOR = YES;
				GCC_WARN_UNINITIALIZED_AUTOS = YES_AGGRESSIVE;
				GCC_WARN_UNUSED_FUNCTION = YES;
				GCC_WARN_UNUSED_VARIABLE = YES;
				IPHONEOS_DEPLOYMENT_TARGET = 17.0;
				LOCALIZATION_PREFERS_STRING_CATALOGS = YES;
				MTL_ENABLE_DEBUG_INFO = NO;
				MTL_FAST_MATH = YES;
				SDKROOT = iphoneos;
				SWIFT_COMPILATION_MODE = wholemodule;
				VALIDATE_PRODUCT = YES;
			};
			name = Release;
		};
		99E000C52B903C7A00099656 /* Debug */ = {
			isa = XCBuildConfiguration;
			buildSettings = {
				ASSETCATALOG_COMPILER_APPICON_NAME = AppIcon;
				ASSETCATALOG_COMPILER_GLOBAL_ACCENT_COLOR_NAME = AccentColor;
				CODE_SIGN_STYLE = Automatic;
				CURRENT_PROJECT_VERSION = 1;
				DEVELOPMENT_TEAM = DPK379U73T;
				GENERATE_INFOPLIST_FILE = YES;
				INFOPLIST_FILE = UIKitTests/Info.plist;
				INFOPLIST_KEY_UIApplicationSupportsIndirectInputEvents = YES;
				INFOPLIST_KEY_UILaunchStoryboardName = LaunchScreen;
				INFOPLIST_KEY_UISupportedInterfaceOrientations_iPad = "UIInterfaceOrientationPortrait UIInterfaceOrientationPortraitUpsideDown UIInterfaceOrientationLandscapeLeft UIInterfaceOrientationLandscapeRight";
				INFOPLIST_KEY_UISupportedInterfaceOrientations_iPhone = "UIInterfaceOrientationPortrait UIInterfaceOrientationLandscapeLeft UIInterfaceOrientationLandscapeRight";
				LD_RUNPATH_SEARCH_PATHS = (
					"$(inherited)",
					"@executable_path/Frameworks",
				);
				MARKETING_VERSION = 1.0;
				PRODUCT_BUNDLE_IDENTIFIER = "com.brandon-suarez.UIKitTests";
				PRODUCT_NAME = "$(TARGET_NAME)";
				SWIFT_EMIT_LOC_STRINGS = YES;
				SWIFT_VERSION = 5.0;
				TARGETED_DEVICE_FAMILY = "1,2";
			};
			name = Debug;
		};
		99E000C62B903C7A00099656 /* Release */ = {
			isa = XCBuildConfiguration;
			buildSettings = {
				ASSETCATALOG_COMPILER_APPICON_NAME = AppIcon;
				ASSETCATALOG_COMPILER_GLOBAL_ACCENT_COLOR_NAME = AccentColor;
				CODE_SIGN_STYLE = Automatic;
				CURRENT_PROJECT_VERSION = 1;
				DEVELOPMENT_TEAM = DPK379U73T;
				GENERATE_INFOPLIST_FILE = YES;
				INFOPLIST_FILE = UIKitTests/Info.plist;
				INFOPLIST_KEY_UIApplicationSupportsIndirectInputEvents = YES;
				INFOPLIST_KEY_UILaunchStoryboardName = LaunchScreen;
				INFOPLIST_KEY_UISupportedInterfaceOrientations_iPad = "UIInterfaceOrientationPortrait UIInterfaceOrientationPortraitUpsideDown UIInterfaceOrientationLandscapeLeft UIInterfaceOrientationLandscapeRight";
				INFOPLIST_KEY_UISupportedInterfaceOrientations_iPhone = "UIInterfaceOrientationPortrait UIInterfaceOrientationLandscapeLeft UIInterfaceOrientationLandscapeRight";
				LD_RUNPATH_SEARCH_PATHS = (
					"$(inherited)",
					"@executable_path/Frameworks",
				);
				MARKETING_VERSION = 1.0;
				PRODUCT_BUNDLE_IDENTIFIER = "com.brandon-suarez.UIKitTests";
				PRODUCT_NAME = "$(TARGET_NAME)";
				SWIFT_EMIT_LOC_STRINGS = YES;
				SWIFT_VERSION = 5.0;
				TARGETED_DEVICE_FAMILY = "1,2";
			};
			name = Release;
		};
/* End XCBuildConfiguration section */

/* Begin XCConfigurationList section */
		997615DD2D17DEC700DCDC1C /* Build configuration list for PBXNativeTarget "UIKitTestsLocalNotificationUI" */ = {
			isa = XCConfigurationList;
			buildConfigurations = (
				997615DA2D17DEC700DCDC1C /* Debug */,
				997615DB2D17DEC700DCDC1C /* Release */,
			);
			defaultConfigurationIsVisible = 0;
			defaultConfigurationName = Release;
		};
		99E000AB2B903C7800099656 /* Build configuration list for PBXProject "UIKitTests" */ = {
			isa = XCConfigurationList;
			buildConfigurations = (
				99E000C22B903C7A00099656 /* Debug */,
				99E000C32B903C7A00099656 /* Release */,
			);
			defaultConfigurationIsVisible = 0;
			defaultConfigurationName = Release;
		};
		99E000C42B903C7A00099656 /* Build configuration list for PBXNativeTarget "UIKitTests" */ = {
			isa = XCConfigurationList;
			buildConfigurations = (
				99E000C52B903C7A00099656 /* Debug */,
				99E000C62B903C7A00099656 /* Release */,
			);
			defaultConfigurationIsVisible = 0;
			defaultConfigurationName = Release;
		};
/* End XCConfigurationList section */
	};
	rootObject = 99E000A82B903C7800099656 /* Project object */;
}
